// !$*UTF8*$!
{
	archiveVersion = 1;
	classes = {
	};
	objectVersion = 50;
	objects = {

/* Begin PBXBuildFile section */
		4745072521D9BF0300C80589 /* AppDelegate.swift in Sources */ = {isa = PBXBuildFile; fileRef = 4745072421D9BF0300C80589 /* AppDelegate.swift */; };
		4745072721D9BF0300C80589 /* ViewController.swift in Sources */ = {isa = PBXBuildFile; fileRef = 4745072621D9BF0300C80589 /* ViewController.swift */; };
		4745072A21D9BF0300C80589 /* iPhoneMain.storyboard in Resources */ = {isa = PBXBuildFile; fileRef = 4745072821D9BF0300C80589 /* iPhoneMain.storyboard */; };
		4745072C21D9BF0400C80589 /* Assets.xcassets in Resources */ = {isa = PBXBuildFile; fileRef = 4745072B21D9BF0400C80589 /* Assets.xcassets */; };
		4745072F21D9BF0400C80589 /* LaunchScreen.storyboard in Resources */ = {isa = PBXBuildFile; fileRef = 4745072D21D9BF0400C80589 /* LaunchScreen.storyboard */; };
		47FCA12321DC66D500F49EAE /* iPadMain.storyboard in Resources */ = {isa = PBXBuildFile; fileRef = 47FCA12521DC66D500F49EAE /* iPadMain.storyboard */; };
		47FCA18121DDCA6D00F49EAE /* InfoPlist.strings in Resources */ = {isa = PBXBuildFile; fileRef = 47FCA18321DDCA6D00F49EAE /* InfoPlist.strings */; };
		47FCA19C21DDF69C00F49EAE /* JenniferShraderLawrence.strings in Resources */ = {isa = PBXBuildFile; fileRef = 47FCA19E21DDF69C00F49EAE /* JenniferShraderLawrence.strings */; };
		47FCA1A221DDF6A200F49EAE /* AoiYu.strings in Resources */ = {isa = PBXBuildFile; fileRef = 47FCA1A421DDF6A200F49EAE /* AoiYu.strings */; };
		47FCA1A821DDF6A700F49EAE /* CheonUhui.strings in Resources */ = {isa = PBXBuildFile; fileRef = 47FCA1AA21DDF6A700F49EAE /* CheonUhui.strings */; };
		47FCA1AE21DDF6AC00F49EAE /* FanBingbing.strings in Resources */ = {isa = PBXBuildFile; fileRef = 47FCA1B021DDF6AC00F49EAE /* FanBingbing.strings */; };
		47FCA1B521DEF9A700F49EAE /* Actress.swift in Sources */ = {isa = PBXBuildFile; fileRef = 47FCA1B421DEF9A700F49EAE /* Actress.swift */; };
		47FCA1B721DF0C6100F49EAE /* Language.swift in Sources */ = {isa = PBXBuildFile; fileRef = 47FCA1B621DF0C6100F49EAE /* Language.swift */; };
		47FCA1BB21E1E62200F49EAE /* PadViewController.swift in Sources */ = {isa = PBXBuildFile; fileRef = 47FCA1BA21E1E62200F49EAE /* PadViewController.swift */; };
		AB93FC9343D48806463C80B7 /* Pods_UniversalApp.framework in Frameworks */ = {isa = PBXBuildFile; fileRef = C2F57647E66BD27D2ABC56D5 /* Pods_UniversalApp.framework */; };
/* End PBXBuildFile section */

/* Begin PBXFileReference section */
		4745072121D9BF0300C80589 /* UniversalApp.app */ = {isa = PBXFileReference; explicitFileType = wrapper.application; includeInIndex = 0; path = UniversalApp.app; sourceTree = BUILT_PRODUCTS_DIR; };
		4745072421D9BF0300C80589 /* AppDelegate.swift */ = {isa = PBXFileReference; lastKnownFileType = sourcecode.swift; path = AppDelegate.swift; sourceTree = "<group>"; };
		4745072621D9BF0300C80589 /* ViewController.swift */ = {isa = PBXFileReference; lastKnownFileType = sourcecode.swift; path = ViewController.swift; sourceTree = "<group>"; };
		4745072921D9BF0300C80589 /* Base */ = {isa = PBXFileReference; lastKnownFileType = file.storyboard; name = Base; path = Base.lproj/iPhoneMain.storyboard; sourceTree = "<group>"; };
		4745072B21D9BF0400C80589 /* Assets.xcassets */ = {isa = PBXFileReference; lastKnownFileType = folder.assetcatalog; path = Assets.xcassets; sourceTree = "<group>"; };
		4745072E21D9BF0400C80589 /* Base */ = {isa = PBXFileReference; lastKnownFileType = file.storyboard; name = Base; path = Base.lproj/LaunchScreen.storyboard; sourceTree = "<group>"; };
		4745073021D9BF0400C80589 /* Info.plist */ = {isa = PBXFileReference; lastKnownFileType = text.plist.xml; path = Info.plist; sourceTree = "<group>"; };
		47FCA12421DC66D500F49EAE /* Base */ = {isa = PBXFileReference; lastKnownFileType = file.storyboard; name = Base; path = Base.lproj/iPadMain.storyboard; sourceTree = "<group>"; };
		47FCA12C21DC66F000F49EAE /* ko */ = {isa = PBXFileReference; lastKnownFileType = text.plist.strings; name = ko; path = ko.lproj/LaunchScreen.strings; sourceTree = "<group>"; };
		47FCA18221DDCA6D00F49EAE /* en */ = {isa = PBXFileReference; lastKnownFileType = text.plist.strings; name = en; path = en.lproj/InfoPlist.strings; sourceTree = "<group>"; };
		47FCA18421DDCA7000F49EAE /* ja */ = {isa = PBXFileReference; lastKnownFileType = text.plist.strings; name = ja; path = ja.lproj/InfoPlist.strings; sourceTree = "<group>"; };
		47FCA18521DDCA7500F49EAE /* ko */ = {isa = PBXFileReference; lastKnownFileType = text.plist.strings; name = ko; path = ko.lproj/InfoPlist.strings; sourceTree = "<group>"; };
		47FCA18621DDCA7600F49EAE /* zh-Hans */ = {isa = PBXFileReference; lastKnownFileType = text.plist.strings; name = "zh-Hans"; path = "zh-Hans.lproj/InfoPlist.strings"; sourceTree = "<group>"; };
		47FCA19D21DDF69C00F49EAE /* en */ = {isa = PBXFileReference; lastKnownFileType = text.plist.strings; name = en; path = en.lproj/JenniferShraderLawrence.strings; sourceTree = "<group>"; };
		47FCA19F21DDF69D00F49EAE /* ja */ = {isa = PBXFileReference; lastKnownFileType = text.plist.strings; name = ja; path = ja.lproj/JenniferShraderLawrence.strings; sourceTree = "<group>"; };
		47FCA1A021DDF69E00F49EAE /* zh-Hans */ = {isa = PBXFileReference; lastKnownFileType = text.plist.strings; name = "zh-Hans"; path = "zh-Hans.lproj/JenniferShraderLawrence.strings"; sourceTree = "<group>"; };
		47FCA1A121DDF69E00F49EAE /* ko */ = {isa = PBXFileReference; lastKnownFileType = text.plist.strings; name = ko; path = ko.lproj/JenniferShraderLawrence.strings; sourceTree = "<group>"; };
		47FCA1A321DDF6A200F49EAE /* en */ = {isa = PBXFileReference; lastKnownFileType = text.plist.strings; name = en; path = en.lproj/AoiYu.strings; sourceTree = "<group>"; };
		47FCA1A521DDF6A300F49EAE /* ja */ = {isa = PBXFileReference; lastKnownFileType = text.plist.strings; name = ja; path = ja.lproj/AoiYu.strings; sourceTree = "<group>"; };
		47FCA1A621DDF6A300F49EAE /* ko */ = {isa = PBXFileReference; lastKnownFileType = text.plist.strings; name = ko; path = ko.lproj/AoiYu.strings; sourceTree = "<group>"; };
		47FCA1A721DDF6A400F49EAE /* zh-Hans */ = {isa = PBXFileReference; lastKnownFileType = text.plist.strings; name = "zh-Hans"; path = "zh-Hans.lproj/AoiYu.strings"; sourceTree = "<group>"; };
		47FCA1A921DDF6A700F49EAE /* en */ = {isa = PBXFileReference; lastKnownFileType = text.plist.strings; name = en; path = en.lproj/CheonUhui.strings; sourceTree = "<group>"; };
		47FCA1AB21DDF6A800F49EAE /* ja */ = {isa = PBXFileReference; lastKnownFileType = text.plist.strings; name = ja; path = ja.lproj/CheonUhui.strings; sourceTree = "<group>"; };
		47FCA1AC21DDF6A900F49EAE /* ko */ = {isa = PBXFileReference; lastKnownFileType = text.plist.strings; name = ko; path = ko.lproj/CheonUhui.strings; sourceTree = "<group>"; };
		47FCA1AD21DDF6A900F49EAE /* zh-Hans */ = {isa = PBXFileReference; lastKnownFileType = text.plist.strings; name = "zh-Hans"; path = "zh-Hans.lproj/CheonUhui.strings"; sourceTree = "<group>"; };
		47FCA1AF21DDF6AC00F49EAE /* en */ = {isa = PBXFileReference; lastKnownFileType = text.plist.strings; name = en; path = en.lproj/FanBingbing.strings; sourceTree = "<group>"; };
		47FCA1B121DDF6AD00F49EAE /* ja */ = {isa = PBXFileReference; lastKnownFileType = text.plist.strings; name = ja; path = ja.lproj/FanBingbing.strings; sourceTree = "<group>"; };
		47FCA1B221DDF6AE00F49EAE /* ko */ = {isa = PBXFileReference; lastKnownFileType = text.plist.strings; name = ko; path = ko.lproj/FanBingbing.strings; sourceTree = "<group>"; };
		47FCA1B321DDF6AE00F49EAE /* zh-Hans */ = {isa = PBXFileReference; lastKnownFileType = text.plist.strings; name = "zh-Hans"; path = "zh-Hans.lproj/FanBingbing.strings"; sourceTree = "<group>"; };
		47FCA1B421DEF9A700F49EAE /* Actress.swift */ = {isa = PBXFileReference; lastKnownFileType = sourcecode.swift; path = Actress.swift; sourceTree = "<group>"; };
		47FCA1B621DF0C6100F49EAE /* Language.swift */ = {isa = PBXFileReference; lastKnownFileType = sourcecode.swift; path = Language.swift; sourceTree = "<group>"; };
		47FCA1BA21E1E62200F49EAE /* PadViewController.swift */ = {isa = PBXFileReference; lastKnownFileType = sourcecode.swift; path = PadViewController.swift; sourceTree = "<group>"; };
		86119EDFDCEB9AC3FF2AD88F /* Pods-UniversalApp.debug.xcconfig */ = {isa = PBXFileReference; includeInIndex = 1; lastKnownFileType = text.xcconfig; name = "Pods-UniversalApp.debug.xcconfig"; path = "Pods/Target Support Files/Pods-UniversalApp/Pods-UniversalApp.debug.xcconfig"; sourceTree = "<group>"; };
		ADA97B601C88241AEECDE346 /* Pods-UniversalApp.release.xcconfig */ = {isa = PBXFileReference; includeInIndex = 1; lastKnownFileType = text.xcconfig; name = "Pods-UniversalApp.release.xcconfig"; path = "Pods/Target Support Files/Pods-UniversalApp/Pods-UniversalApp.release.xcconfig"; sourceTree = "<group>"; };
		C2F57647E66BD27D2ABC56D5 /* Pods_UniversalApp.framework */ = {isa = PBXFileReference; explicitFileType = wrapper.framework; includeInIndex = 0; path = Pods_UniversalApp.framework; sourceTree = BUILT_PRODUCTS_DIR; };
/* End PBXFileReference section */

/* Begin PBXFrameworksBuildPhase section */
		4745071E21D9BF0300C80589 /* Frameworks */ = {
			isa = PBXFrameworksBuildPhase;
			buildActionMask = 2147483647;
			files = (
				AB93FC9343D48806463C80B7 /* Pods_UniversalApp.framework in Frameworks */,
			);
			runOnlyForDeploymentPostprocessing = 0;
		};
/* End PBXFrameworksBuildPhase section */

/* Begin PBXGroup section */
		2EBCC7A7EA46BA971F34BEE4 /* Pods */ = {
			isa = PBXGroup;
			children = (
				86119EDFDCEB9AC3FF2AD88F /* Pods-UniversalApp.debug.xcconfig */,
				ADA97B601C88241AEECDE346 /* Pods-UniversalApp.release.xcconfig */,
			);
			name = Pods;
			sourceTree = "<group>";
		};
		4745071821D9BF0300C80589 = {
			isa = PBXGroup;
			children = (
				4745072321D9BF0300C80589 /* UniversalApp */,
				4745072221D9BF0300C80589 /* Products */,
				2EBCC7A7EA46BA971F34BEE4 /* Pods */,
				56992BB78AB65F270E9C1427 /* Frameworks */,
			);
			sourceTree = "<group>";
		};
		4745072221D9BF0300C80589 /* Products */ = {
			isa = PBXGroup;
			children = (
				4745072121D9BF0300C80589 /* UniversalApp.app */,
			);
			name = Products;
			sourceTree = "<group>";
		};
		4745072321D9BF0300C80589 /* UniversalApp */ = {
			isa = PBXGroup;
			children = (
				4745072421D9BF0300C80589 /* AppDelegate.swift */,
				47FCA1B421DEF9A700F49EAE /* Actress.swift */,
				47FCA1B621DF0C6100F49EAE /* Language.swift */,
				4745072621D9BF0300C80589 /* ViewController.swift */,
				47FCA1BA21E1E62200F49EAE /* PadViewController.swift */,
				4745072821D9BF0300C80589 /* iPhoneMain.storyboard */,
				47FCA12521DC66D500F49EAE /* iPadMain.storyboard */,
				4745072B21D9BF0400C80589 /* Assets.xcassets */,
				4745072D21D9BF0400C80589 /* LaunchScreen.storyboard */,
				4745073021D9BF0400C80589 /* Info.plist */,
				47FCA18321DDCA6D00F49EAE /* InfoPlist.strings */,
				47FCA19E21DDF69C00F49EAE /* JenniferShraderLawrence.strings */,
				47FCA1A421DDF6A200F49EAE /* AoiYu.strings */,
				47FCA1AA21DDF6A700F49EAE /* CheonUhui.strings */,
				47FCA1B021DDF6AC00F49EAE /* FanBingbing.strings */,
			);
			path = UniversalApp;
			sourceTree = "<group>";
		};
		56992BB78AB65F270E9C1427 /* Frameworks */ = {
			isa = PBXGroup;
			children = (
				C2F57647E66BD27D2ABC56D5 /* Pods_UniversalApp.framework */,
			);
			name = Frameworks;
			sourceTree = "<group>";
		};
/* End PBXGroup section */

/* Begin PBXNativeTarget section */
		4745072021D9BF0300C80589 /* UniversalApp */ = {
			isa = PBXNativeTarget;
			buildConfigurationList = 4745073321D9BF0400C80589 /* Build configuration list for PBXNativeTarget "UniversalApp" */;
			buildPhases = (
				038C6CC9637CFA744326E681 /* [CP] Check Pods Manifest.lock */,
				4745071D21D9BF0300C80589 /* Sources */,
				4745071E21D9BF0300C80589 /* Frameworks */,
				4745071F21D9BF0300C80589 /* Resources */,
				4745073621D9BFC500C80589 /* ShellScript */,
			);
			buildRules = (
			);
			dependencies = (
			);
			name = UniversalApp;
			productName = UniversalApp;
			productReference = 4745072121D9BF0300C80589 /* UniversalApp.app */;
			productType = "com.apple.product-type.application";
		};
/* End PBXNativeTarget section */

/* Begin PBXProject section */
		4745071921D9BF0300C80589 /* Project object */ = {
			isa = PBXProject;
			attributes = {
				LastSwiftUpdateCheck = 1010;
				LastUpgradeCheck = 1010;
				TargetAttributes = {
					4745072021D9BF0300C80589 = {
						CreatedOnToolsVersion = 10.1;
					};
				};
			};
			buildConfigurationList = 4745071C21D9BF0300C80589 /* Build configuration list for PBXProject "UniversalApp" */;
			compatibilityVersion = "Xcode 9.3";
			developmentRegion = en;
			hasScannedForEncodings = 0;
			knownRegions = (
				en,
				Base,
				ja,
				ko,
				"zh-Hans",
			);
			mainGroup = 4745071821D9BF0300C80589;
			productRefGroup = 4745072221D9BF0300C80589 /* Products */;
			projectDirPath = "";
			projectRoot = "";
			targets = (
				4745072021D9BF0300C80589 /* UniversalApp */,
			);
		};
/* End PBXProject section */

/* Begin PBXResourcesBuildPhase section */
		4745071F21D9BF0300C80589 /* Resources */ = {
			isa = PBXResourcesBuildPhase;
			buildActionMask = 2147483647;
			files = (
				4745072F21D9BF0400C80589 /* LaunchScreen.storyboard in Resources */,
				47FCA12321DC66D500F49EAE /* iPadMain.storyboard in Resources */,
				47FCA1A821DDF6A700F49EAE /* CheonUhui.strings in Resources */,
				4745072C21D9BF0400C80589 /* Assets.xcassets in Resources */,
				47FCA1A221DDF6A200F49EAE /* AoiYu.strings in Resources */,
				47FCA1AE21DDF6AC00F49EAE /* FanBingbing.strings in Resources */,
				47FCA19C21DDF69C00F49EAE /* JenniferShraderLawrence.strings in Resources */,
				4745072A21D9BF0300C80589 /* iPhoneMain.storyboard in Resources */,
				47FCA18121DDCA6D00F49EAE /* InfoPlist.strings in Resources */,
			);
			runOnlyForDeploymentPostprocessing = 0;
		};
/* End PBXResourcesBuildPhase section */

/* Begin PBXShellScriptBuildPhase section */
		038C6CC9637CFA744326E681 /* [CP] Check Pods Manifest.lock */ = {
			isa = PBXShellScriptBuildPhase;
			buildActionMask = 2147483647;
			files = (
			);
			inputFileListPaths = (
			);
			inputPaths = (
				"${PODS_PODFILE_DIR_PATH}/Podfile.lock",
				"${PODS_ROOT}/Manifest.lock",
			);
			name = "[CP] Check Pods Manifest.lock";
			outputFileListPaths = (
			);
			outputPaths = (
				"$(DERIVED_FILE_DIR)/Pods-UniversalApp-checkManifestLockResult.txt",
			);
			runOnlyForDeploymentPostprocessing = 0;
			shellPath = /bin/sh;
			shellScript = "diff \"${PODS_PODFILE_DIR_PATH}/Podfile.lock\" \"${PODS_ROOT}/Manifest.lock\" > /dev/null\nif [ $? != 0 ] ; then\n    # print error to STDERR\n    echo \"error: The sandbox is not in sync with the Podfile.lock. Run 'pod install' or update your CocoaPods installation.\" >&2\n    exit 1\nfi\n# This output is used by Xcode 'outputs' to avoid re-running this script phase.\necho \"SUCCESS\" > \"${SCRIPT_OUTPUT_FILE_0}\"\n";
			showEnvVarsInLog = 0;
		};
		4745073621D9BFC500C80589 /* ShellScript */ = {
			isa = PBXShellScriptBuildPhase;
			buildActionMask = 2147483647;
			files = (
			);
			inputFileListPaths = (
			);
			inputPaths = (
			);
			outputFileListPaths = (
			);
			outputPaths = (
			);
			runOnlyForDeploymentPostprocessing = 0;
			shellPath = /bin/sh;
			shellScript = "${PODS_ROOT}/SwiftLint/swiftlint\n";
		};
/* End PBXShellScriptBuildPhase section */

/* Begin PBXSourcesBuildPhase section */
		4745071D21D9BF0300C80589 /* Sources */ = {
			isa = PBXSourcesBuildPhase;
			buildActionMask = 2147483647;
			files = (
				47FCA1BB21E1E62200F49EAE /* PadViewController.swift in Sources */,
				4745072721D9BF0300C80589 /* ViewController.swift in Sources */,
				47FCA1B721DF0C6100F49EAE /* Language.swift in Sources */,
				4745072521D9BF0300C80589 /* AppDelegate.swift in Sources */,
				47FCA1B521DEF9A700F49EAE /* Actress.swift in Sources */,
			);
			runOnlyForDeploymentPostprocessing = 0;
		};
/* End PBXSourcesBuildPhase section */

/* Begin PBXVariantGroup section */
		4745072821D9BF0300C80589 /* iPhoneMain.storyboard */ = {
			isa = PBXVariantGroup;
			children = (
				4745072921D9BF0300C80589 /* Base */,
			);
			name = iPhoneMain.storyboard;
			sourceTree = "<group>";
		};
		4745072D21D9BF0400C80589 /* LaunchScreen.storyboard */ = {
			isa = PBXVariantGroup;
			children = (
				4745072E21D9BF0400C80589 /* Base */,
				47FCA12C21DC66F000F49EAE /* ko */,
			);
			name = LaunchScreen.storyboard;
			sourceTree = "<group>";
		};
		47FCA12521DC66D500F49EAE /* iPadMain.storyboard */ = {
			isa = PBXVariantGroup;
			children = (
				47FCA12421DC66D500F49EAE /* Base */,
			);
			name = iPadMain.storyboard;
			sourceTree = "<group>";
		};
		47FCA18321DDCA6D00F49EAE /* InfoPlist.strings */ = {
			isa = PBXVariantGroup;
			children = (
				47FCA18221DDCA6D00F49EAE /* en */,
				47FCA18421DDCA7000F49EAE /* ja */,
				47FCA18521DDCA7500F49EAE /* ko */,
				47FCA18621DDCA7600F49EAE /* zh-Hans */,
			);
			name = InfoPlist.strings;
			sourceTree = "<group>";
		};
		47FCA19E21DDF69C00F49EAE /* JenniferShraderLawrence.strings */ = {
			isa = PBXVariantGroup;
			children = (
				47FCA19D21DDF69C00F49EAE /* en */,
				47FCA19F21DDF69D00F49EAE /* ja */,
				47FCA1A021DDF69E00F49EAE /* zh-Hans */,
				47FCA1A121DDF69E00F49EAE /* ko */,
			);
			name = JenniferShraderLawrence.strings;
			sourceTree = "<group>";
		};
		47FCA1A421DDF6A200F49EAE /* AoiYu.strings */ = {
			isa = PBXVariantGroup;
			children = (
				47FCA1A321DDF6A200F49EAE /* en */,
				47FCA1A521DDF6A300F49EAE /* ja */,
				47FCA1A621DDF6A300F49EAE /* ko */,
				47FCA1A721DDF6A400F49EAE /* zh-Hans */,
			);
			name = AoiYu.strings;
			sourceTree = "<group>";
		};
		47FCA1AA21DDF6A700F49EAE /* CheonUhui.strings */ = {
			isa = PBXVariantGroup;
			children = (
				47FCA1A921DDF6A700F49EAE /* en */,
				47FCA1AB21DDF6A800F49EAE /* ja */,
				47FCA1AC21DDF6A900F49EAE /* ko */,
				47FCA1AD21DDF6A900F49EAE /* zh-Hans */,
			);
			name = CheonUhui.strings;
			sourceTree = "<group>";
		};
		47FCA1B021DDF6AC00F49EAE /* FanBingbing.strings */ = {
			isa = PBXVariantGroup;
			children = (
				47FCA1AF21DDF6AC00F49EAE /* en */,
				47FCA1B121DDF6AD00F49EAE /* ja */,
				47FCA1B221DDF6AE00F49EAE /* ko */,
				47FCA1B321DDF6AE00F49EAE /* zh-Hans */,
			);
			name = FanBingbing.strings;
			sourceTree = "<group>";
		};
/* End PBXVariantGroup section */

/* Begin XCBuildConfiguration section */
		4745073121D9BF0400C80589 /* Debug */ = {
			isa = XCBuildConfiguration;
			buildSettings = {
				ALWAYS_SEARCH_USER_PATHS = NO;
				CLANG_ANALYZER_LOCALIZABILITY_NONLOCALIZED = YES;
				CLANG_ANALYZER_NONNULL = YES;
				CLANG_ANALYZER_NUMBER_OBJECT_CONVERSION = YES_AGGRESSIVE;
				CLANG_CXX_LANGUAGE_STANDARD = "gnu++14";
				CLANG_CXX_LIBRARY = "libc++";
				CLANG_ENABLE_MODULES = YES;
				CLANG_ENABLE_OBJC_ARC = YES;
				CLANG_ENABLE_OBJC_WEAK = YES;
				CLANG_WARN_BLOCK_CAPTURE_AUTORELEASING = YES;
				CLANG_WARN_BOOL_CONVERSION = YES;
				CLANG_WARN_COMMA = YES;
				CLANG_WARN_CONSTANT_CONVERSION = YES;
				CLANG_WARN_DEPRECATED_OBJC_IMPLEMENTATIONS = YES;
				CLANG_WARN_DIRECT_OBJC_ISA_USAGE = YES_ERROR;
				CLANG_WARN_DOCUMENTATION_COMMENTS = YES;
				CLANG_WARN_EMPTY_BODY = YES;
				CLANG_WARN_ENUM_CONVERSION = YES;
				CLANG_WARN_INFINITE_RECURSION = YES;
				CLANG_WARN_INT_CONVERSION = YES;
				CLANG_WARN_NON_LITERAL_NULL_CONVERSION = YES;
				CLANG_WARN_OBJC_IMPLICIT_RETAIN_SELF = YES;
				CLANG_WARN_OBJC_LITERAL_CONVERSION = YES;
				CLANG_WARN_OBJC_ROOT_CLASS = YES_ERROR;
				CLANG_WARN_RANGE_LOOP_ANALYSIS = YES;
				CLANG_WARN_STRICT_PROTOTYPES = YES;
				CLANG_WARN_SUSPICIOUS_MOVE = YES;
				CLANG_WARN_UNGUARDED_AVAILABILITY = YES_AGGRESSIVE;
				CLANG_WARN_UNREACHABLE_CODE = YES;
				CLANG_WARN__DUPLICATE_METHOD_MATCH = YES;
				CODE_SIGN_IDENTITY = "iPhone Developer";
				COPY_PHASE_STRIP = NO;
				DEBUG_INFORMATION_FORMAT = dwarf;
				ENABLE_STRICT_OBJC_MSGSEND = YES;
				ENABLE_TESTABILITY = YES;
				GCC_C_LANGUAGE_STANDARD = gnu11;
				GCC_DYNAMIC_NO_PIC = NO;
				GCC_NO_COMMON_BLOCKS = YES;
				GCC_OPTIMIZATION_LEVEL = 0;
				GCC_PREPROCESSOR_DEFINITIONS = (
					"DEBUG=1",
					"$(inherited)",
				);
				GCC_WARN_64_TO_32_BIT_CONVERSION = YES;
				GCC_WARN_ABOUT_RETURN_TYPE = YES_ERROR;
				GCC_WARN_UNDECLARED_SELECTOR = YES;
				GCC_WARN_UNINITIALIZED_AUTOS = YES_AGGRESSIVE;
				GCC_WARN_UNUSED_FUNCTION = YES;
				GCC_WARN_UNUSED_VARIABLE = YES;
				IPHONEOS_DEPLOYMENT_TARGET = 12.1;
				MTL_ENABLE_DEBUG_INFO = INCLUDE_SOURCE;
				MTL_FAST_MATH = YES;
				ONLY_ACTIVE_ARCH = YES;
				SDKROOT = iphoneos;
				SWIFT_ACTIVE_COMPILATION_CONDITIONS = DEBUG;
				SWIFT_OPTIMIZATION_LEVEL = "-Onone";
			};
			name = Debug;
		};
		4745073221D9BF0400C80589 /* Release */ = {
			isa = XCBuildConfiguration;
			buildSettings = {
				ALWAYS_SEARCH_USER_PATHS = NO;
				CLANG_ANALYZER_LOCALIZABILITY_NONLOCALIZED = YES;
				CLANG_ANALYZER_NONNULL = YES;
				CLANG_ANALYZER_NUMBER_OBJECT_CONVERSION = YES_AGGRESSIVE;
				CLANG_CXX_LANGUAGE_STANDARD = "gnu++14";
				CLANG_CXX_LIBRARY = "libc++";
				CLANG_ENABLE_MODULES = YES;
				CLANG_ENABLE_OBJC_ARC = YES;
				CLANG_ENABLE_OBJC_WEAK = YES;
				CLANG_WARN_BLOCK_CAPTURE_AUTORELEASING = YES;
				CLANG_WARN_BOOL_CONVERSION = YES;
				CLANG_WARN_COMMA = YES;
				CLANG_WARN_CONSTANT_CONVERSION = YES;
				CLANG_WARN_DEPRECATED_OBJC_IMPLEMENTATIONS = YES;
				CLANG_WARN_DIRECT_OBJC_ISA_USAGE = YES_ERROR;
				CLANG_WARN_DOCUMENTATION_COMMENTS = YES;
				CLANG_WARN_EMPTY_BODY = YES;
				CLANG_WARN_ENUM_CONVERSION = YES;
				CLANG_WARN_INFINITE_RECURSION = YES;
				CLANG_WARN_INT_CONVERSION = YES;
				CLANG_WARN_NON_LITERAL_NULL_CONVERSION = YES;
				CLANG_WARN_OBJC_IMPLICIT_RETAIN_SELF = YES;
				CLANG_WARN_OBJC_LITERAL_CONVERSION = YES;
				CLANG_WARN_OBJC_ROOT_CLASS = YES_ERROR;
				CLANG_WARN_RANGE_LOOP_ANALYSIS = YES;
				CLANG_WARN_STRICT_PROTOTYPES = YES;
				CLANG_WARN_SUSPICIOUS_MOVE = YES;
				CLANG_WARN_UNGUARDED_AVAILABILITY = YES_AGGRESSIVE;
				CLANG_WARN_UNREACHABLE_CODE = YES;
				CLANG_WARN__DUPLICATE_METHOD_MATCH = YES;
				CODE_SIGN_IDENTITY = "iPhone Developer";
				COPY_PHASE_STRIP = NO;
				DEBUG_INFORMATION_FORMAT = "dwarf-with-dsym";
				ENABLE_NS_ASSERTIONS = NO;
				ENABLE_STRICT_OBJC_MSGSEND = YES;
				GCC_C_LANGUAGE_STANDARD = gnu11;
				GCC_NO_COMMON_BLOCKS = YES;
				GCC_WARN_64_TO_32_BIT_CONVERSION = YES;
				GCC_WARN_ABOUT_RETURN_TYPE = YES_ERROR;
				GCC_WARN_UNDECLARED_SELECTOR = YES;
				GCC_WARN_UNINITIALIZED_AUTOS = YES_AGGRESSIVE;
				GCC_WARN_UNUSED_FUNCTION = YES;
				GCC_WARN_UNUSED_VARIABLE = YES;
				IPHONEOS_DEPLOYMENT_TARGET = 12.1;
				MTL_ENABLE_DEBUG_INFO = NO;
				MTL_FAST_MATH = YES;
				SDKROOT = iphoneos;
				SWIFT_COMPILATION_MODE = wholemodule;
				SWIFT_OPTIMIZATION_LEVEL = "-O";
				VALIDATE_PRODUCT = YES;
			};
			name = Release;
		};
		4745073421D9BF0400C80589 /* Debug */ = {
			isa = XCBuildConfiguration;
			baseConfigurationReference = 86119EDFDCEB9AC3FF2AD88F /* Pods-UniversalApp.debug.xcconfig */;
			buildSettings = {
				ASSETCATALOG_COMPILER_APPICON_NAME = AppIcon;
				CODE_SIGN_STYLE = Automatic;
				DEVELOPMENT_TEAM = B3PWYBKFUK;
				INFOPLIST_FILE = UniversalApp/Info.plist;
				IPHONEOS_DEPLOYMENT_TARGET = 12.0;
				LD_RUNPATH_SEARCH_PATHS = (
					"$(inherited)",
					"@executable_path/Frameworks",
				);
				PRODUCT_BUNDLE_IDENTIFIER = oingbong.UniversalApp;
				PRODUCT_NAME = "$(TARGET_NAME)";
				SWIFT_VERSION = 4.2;
				TARGETED_DEVICE_FAMILY = "1,2";
			};
			name = Debug;
		};
		4745073521D9BF0400C80589 /* Release */ = {
			isa = XCBuildConfiguration;
			baseConfigurationReference = ADA97B601C88241AEECDE346 /* Pods-UniversalApp.release.xcconfig */;
			buildSettings = {
				ASSETCATALOG_COMPILER_APPICON_NAME = AppIcon;
				CODE_SIGN_STYLE = Automatic;
				DEVELOPMENT_TEAM = B3PWYBKFUK;
				INFOPLIST_FILE = UniversalApp/Info.plist;
				IPHONEOS_DEPLOYMENT_TARGET = 12.0;
				LD_RUNPATH_SEARCH_PATHS = (
					"$(inherited)",
					"@executable_path/Frameworks",
				);
				PRODUCT_BUNDLE_IDENTIFIER = oingbong.UniversalApp;
				PRODUCT_NAME = "$(TARGET_NAME)";
				SWIFT_VERSION = 4.2;
				TARGETED_DEVICE_FAMILY = "1,2";
			};
			name = Release;
		};
/* End XCBuildConfiguration section */

/* Begin XCConfigurationList section */
		4745071C21D9BF0300C80589 /* Build configuration list for PBXProject "UniversalApp" */ = {
			isa = XCConfigurationList;
			buildConfigurations = (
				4745073121D9BF0400C80589 /* Debug */,
				4745073221D9BF0400C80589 /* Release */,
			);
			defaultConfigurationIsVisible = 0;
			defaultConfigurationName = Release;
		};
		4745073321D9BF0400C80589 /* Build configuration list for PBXNativeTarget "UniversalApp" */ = {
			isa = XCConfigurationList;
			buildConfigurations = (
				4745073421D9BF0400C80589 /* Debug */,
				4745073521D9BF0400C80589 /* Release */,
			);
			defaultConfigurationIsVisible = 0;
			defaultConfigurationName = Release;
		};
/* End XCConfigurationList section */
	};
	rootObject = 4745071921D9BF0300C80589 /* Project object */;
}
